schema: '2.0'
stages:
  data_ingestion:
    cmd: python src/data_ingestion.py
    deps:
    - path: src/data_ingestion.py
      hash: md5
      md5: a6cbd972a44dd5e6b4f62e11e9c427ac
      size: 3375
    params:
      params.yaml:
        data_ingestion.test_size: 0.35
    outs:
    - path: data/raw
      hash: md5
      md5: 0f861f2b0417a8e370b1e35b7eca12cb.dir
      size: 484846
      nfiles: 2
  data_preprocessing:
    cmd: python src/data_preprocessing.py
    deps:
    - path: data/raw
      hash: md5
      md5: 0f861f2b0417a8e370b1e35b7eca12cb.dir
      size: 484846
      nfiles: 2
    - path: src/data_preprocessing.py
      hash: md5
      md5: 5742cc2e6267db43aec3f84e2b79a83b
      size: 3797
    outs:
    - path: data/processed
      hash: md5
      md5: 0884511d53230bc790fce4904551537c.dir
      size: 264912
      nfiles: 2
  feature_engineering:
    cmd: python src/feature_engineering.py
    deps:
    - path: data/processed
      hash: md5
      md5: 0884511d53230bc790fce4904551537c.dir
      size: 264912
      nfiles: 2
    - path: src/feature_engineering.py
      hash: md5
      md5: 671787cb18a8afd89a6c7904ee820c83
      size: 3778
    params:
      params.yaml:
        feature_engineering.max_features: 20
    outs:
    - path: data/featured
      hash: md5
      md5: 20f0e76236e26408f40d0ee7200c5bd8.dir
      size: 491101
      nfiles: 2
  model_training:
    cmd: python src/model_training.py
    deps:
    - path: data/featured
      hash: md5
      md5: 20f0e76236e26408f40d0ee7200c5bd8.dir
      size: 491101
      nfiles: 2
    - path: src/model_training.py
      hash: md5
      md5: 3d4097f58ba14711bc592d099cea2d34
      size: 4284
    params:
      params.yaml:
        model_training.n_estimators: 25
        model_training.random_state: 2
    outs:
    - path: models/model.pkl
      hash: md5
      md5: 3ce16609a3e4a6dd3a5faff2e7002886
      size: 486334
  model_evaluation:
    cmd: python src/model_evaluation.py
    deps:
    - path: data/featured
      hash: md5
      md5: 20f0e76236e26408f40d0ee7200c5bd8.dir
      size: 491101
      nfiles: 2
    - path: models/model.pkl
      hash: md5
      md5: 3ce16609a3e4a6dd3a5faff2e7002886
      size: 486334
    - path: src/model_evaluation.py
      hash: md5
      md5: baa123d1fd2cc90726cca4a415f1fc17
      size: 4639
    outs:
    - path: reports/metrics.json
      hash: md5
      md5: dbb1d0788de724ad5f250d29050ff851
      size: 154
